// !$*UTF8*$!
{
	archiveVersion = 1;
	classes = {
	};
	objectVersion = 46;
	objects = {

/* Begin PBXBuildFile section */
		7861D8E51CD0F61D00ECA4C2 /* PeopleTableViewCell.m in Sources */ = {isa = PBXBuildFile; fileRef = 7861D8E41CD0F61D00ECA4C2 /* PeopleTableViewCell.m */; };
		7861D8E81CD0FA2800ECA4C2 /* photo.jpeg in Resources */ = {isa = PBXBuildFile; fileRef = 7861D8E71CD0FA2800ECA4C2 /* photo.jpeg */; };
		787154BC1CD106DB00D92B34 /* SWRevealViewController.m in Sources */ = {isa = PBXBuildFile; fileRef = 787154BB1CD106DB00D92B34 /* SWRevealViewController.m */; };
		787154C21CD1076200D92B34 /* LeftMenuTableViewCell.m in Sources */ = {isa = PBXBuildFile; fileRef = 787154BF1CD1076200D92B34 /* LeftMenuTableViewCell.m */; };
		787154C31CD1076200D92B34 /* LeftMenuViewControllew.m in Sources */ = {isa = PBXBuildFile; fileRef = 787154C11CD1076200D92B34 /* LeftMenuViewControllew.m */; };
		787154C71CD112A600D92B34 /* reveal-icon.png in Resources */ = {isa = PBXBuildFile; fileRef = 787154C61CD112A600D92B34 /* reveal-icon.png */; };
		787154CA1CD1183B00D92B34 /* AboutViewController.m in Sources */ = {isa = PBXBuildFile; fileRef = 787154C91CD1183B00D92B34 /* AboutViewController.m */; };
		787154CD1CD1A77600D92B34 /* PeopleDetailViewController.m in Sources */ = {isa = PBXBuildFile; fileRef = 787154CC1CD1A77600D92B34 /* PeopleDetailViewController.m */; };
		787154D01CD1BF7B00D92B34 /* PeopleDetailViewControllerCell.m in Sources */ = {isa = PBXBuildFile; fileRef = 787154CF1CD1BF7B00D92B34 /* PeopleDetailViewControllerCell.m */; };
		78D6BAB31CD0EF1000D93F07 /* main.m in Sources */ = {isa = PBXBuildFile; fileRef = 78D6BAB21CD0EF1000D93F07 /* main.m */; };
		78D6BAB61CD0EF1000D93F07 /* AppDelegate.m in Sources */ = {isa = PBXBuildFile; fileRef = 78D6BAB51CD0EF1000D93F07 /* AppDelegate.m */; };
		78D6BAB91CD0EF1000D93F07 /* Book.xcdatamodeld in Sources */ = {isa = PBXBuildFile; fileRef = 78D6BAB71CD0EF1000D93F07 /* Book.xcdatamodeld */; };
		78D6BABC1CD0EF1000D93F07 /* PeopleViewController.m in Sources */ = {isa = PBXBuildFile; fileRef = 78D6BABB1CD0EF1000D93F07 /* PeopleViewController.m */; };
		78D6BABF1CD0EF1000D93F07 /* Main.storyboard in Resources */ = {isa = PBXBuildFile; fileRef = 78D6BABD1CD0EF1000D93F07 /* Main.storyboard */; };
		78D6BAC11CD0EF1000D93F07 /* Images.xcassets in Resources */ = {isa = PBXBuildFile; fileRef = 78D6BAC01CD0EF1000D93F07 /* Images.xcassets */; };
		78D6BAC41CD0EF1000D93F07 /* LaunchScreen.xib in Resources */ = {isa = PBXBuildFile; fileRef = 78D6BAC21CD0EF1000D93F07 /* LaunchScreen.xib */; };
		78D6BAD01CD0EF1100D93F07 /* BookTests.m in Sources */ = {isa = PBXBuildFile; fileRef = 78D6BACF1CD0EF1100D93F07 /* BookTests.m */; };
/* End PBXBuildFile section */

/* Begin PBXContainerItemProxy section */
		78D6BACA1CD0EF1100D93F07 /* PBXContainerItemProxy */ = {
			isa = PBXContainerItemProxy;
			containerPortal = 78D6BAA51CD0EF1000D93F07 /* Project object */;
			proxyType = 1;
			remoteGlobalIDString = 78D6BAAC1CD0EF1000D93F07;
			remoteInfo = Book;
		};
/* End PBXContainerItemProxy section */

/* Begin PBXFileReference section */
		7861D8E31CD0F61D00ECA4C2 /* PeopleTableViewCell.h */ = {isa = PBXFileReference; fileEncoding = 4; lastKnownFileType = sourcecode.c.h; path = PeopleTableViewCell.h; sourceTree = "<group>"; };
		7861D8E41CD0F61D00ECA4C2 /* PeopleTableViewCell.m */ = {isa = PBXFileReference; fileEncoding = 4; lastKnownFileType = sourcecode.c.objc; path = PeopleTableViewCell.m; sourceTree = "<group>"; };
		7861D8E71CD0FA2800ECA4C2 /* photo.jpeg */ = {isa = PBXFileReference; lastKnownFileType = image.jpeg; path = photo.jpeg; sourceTree = "<group>"; };
		787154BA1CD106DB00D92B34 /* SWRevealViewController.h */ = {isa = PBXFileReference; fileEncoding = 4; lastKnownFileType = sourcecode.c.h; path = SWRevealViewController.h; sourceTree = "<group>"; };
		787154BB1CD106DB00D92B34 /* SWRevealViewController.m */ = {isa = PBXFileReference; fileEncoding = 4; lastKnownFileType = sourcecode.c.objc; path = SWRevealViewController.m; sourceTree = "<group>"; };
		787154BE1CD1076200D92B34 /* LeftMenuTableViewCell.h */ = {isa = PBXFileReference; fileEncoding = 4; lastKnownFileType = sourcecode.c.h; path = LeftMenuTableViewCell.h; sourceTree = "<group>"; };
		787154BF1CD1076200D92B34 /* LeftMenuTableViewCell.m */ = {isa = PBXFileReference; fileEncoding = 4; lastKnownFileType = sourcecode.c.objc; path = LeftMenuTableViewCell.m; sourceTree = "<group>"; };
		787154C01CD1076200D92B34 /* LeftMenuViewControllew.h */ = {isa = PBXFileReference; fileEncoding = 4; lastKnownFileType = sourcecode.c.h; path = LeftMenuViewControllew.h; sourceTree = "<group>"; };
		787154C11CD1076200D92B34 /* LeftMenuViewControllew.m */ = {isa = PBXFileReference; fileEncoding = 4; lastKnownFileType = sourcecode.c.objc; path = LeftMenuViewControllew.m; sourceTree = "<group>"; };
		787154C61CD112A600D92B34 /* reveal-icon.png */ = {isa = PBXFileReference; lastKnownFileType = image.png; path = "reveal-icon.png"; sourceTree = "<group>"; };
		787154C81CD1183B00D92B34 /* AboutViewController.h */ = {isa = PBXFileReference; fileEncoding = 4; lastKnownFileType = sourcecode.c.h; path = AboutViewController.h; sourceTree = "<group>"; };
		787154C91CD1183B00D92B34 /* AboutViewController.m */ = {isa = PBXFileReference; fileEncoding = 4; lastKnownFileType = sourcecode.c.objc; path = AboutViewController.m; sourceTree = "<group>"; };
		787154CB1CD1A77600D92B34 /* PeopleDetailViewController.h */ = {isa = PBXFileReference; fileEncoding = 4; lastKnownFileType = sourcecode.c.h; path = PeopleDetailViewController.h; sourceTree = "<group>"; };
		787154CC1CD1A77600D92B34 /* PeopleDetailViewController.m */ = {isa = PBXFileReference; fileEncoding = 4; lastKnownFileType = sourcecode.c.objc; path = PeopleDetailViewController.m; sourceTree = "<group>"; };
		787154CE1CD1BF7B00D92B34 /* PeopleDetailViewControllerCell.h */ = {isa = PBXFileReference; fileEncoding = 4; lastKnownFileType = sourcecode.c.h; path = PeopleDetailViewControllerCell.h; sourceTree = "<group>"; };
		787154CF1CD1BF7B00D92B34 /* PeopleDetailViewControllerCell.m */ = {isa = PBXFileReference; fileEncoding = 4; lastKnownFileType = sourcecode.c.objc; path = PeopleDetailViewControllerCell.m; sourceTree = "<group>"; };
		78D6BAAD1CD0EF1000D93F07 /* Book.app */ = {isa = PBXFileReference; explicitFileType = wrapper.application; includeInIndex = 0; path = Book.app; sourceTree = BUILT_PRODUCTS_DIR; };
		78D6BAB11CD0EF1000D93F07 /* Info.plist */ = {isa = PBXFileReference; lastKnownFileType = text.plist.xml; path = Info.plist; sourceTree = "<group>"; };
		78D6BAB21CD0EF1000D93F07 /* main.m */ = {isa = PBXFileReference; lastKnownFileType = sourcecode.c.objc; path = main.m; sourceTree = "<group>"; };
		78D6BAB41CD0EF1000D93F07 /* AppDelegate.h */ = {isa = PBXFileReference; lastKnownFileType = sourcecode.c.h; path = AppDelegate.h; sourceTree = "<group>"; };
		78D6BAB51CD0EF1000D93F07 /* AppDelegate.m */ = {isa = PBXFileReference; lastKnownFileType = sourcecode.c.objc; path = AppDelegate.m; sourceTree = "<group>"; };
		78D6BAB81CD0EF1000D93F07 /* Book.xcdatamodel */ = {isa = PBXFileReference; lastKnownFileType = wrapper.xcdatamodel; path = Book.xcdatamodel; sourceTree = "<group>"; };
		78D6BABA1CD0EF1000D93F07 /* PeopleViewController.h */ = {isa = PBXFileReference; lastKnownFileType = sourcecode.c.h; path = PeopleViewController.h; sourceTree = "<group>"; };
		78D6BABB1CD0EF1000D93F07 /* PeopleViewController.m */ = {isa = PBXFileReference; lastKnownFileType = sourcecode.c.objc; path = PeopleViewController.m; sourceTree = "<group>"; };
		78D6BABE1CD0EF1000D93F07 /* Base */ = {isa = PBXFileReference; lastKnownFileType = file.storyboard; name = Base; path = Base.lproj/Main.storyboard; sourceTree = "<group>"; };
		78D6BAC01CD0EF1000D93F07 /* Images.xcassets */ = {isa = PBXFileReference; lastKnownFileType = folder.assetcatalog; path = Images.xcassets; sourceTree = "<group>"; };
		78D6BAC31CD0EF1000D93F07 /* Base */ = {isa = PBXFileReference; lastKnownFileType = file.xib; name = Base; path = Base.lproj/LaunchScreen.xib; sourceTree = "<group>"; };
		78D6BAC91CD0EF1100D93F07 /* BookTests.xctest */ = {isa = PBXFileReference; explicitFileType = wrapper.cfbundle; includeInIndex = 0; path = BookTests.xctest; sourceTree = BUILT_PRODUCTS_DIR; };
		78D6BACE1CD0EF1100D93F07 /* Info.plist */ = {isa = PBXFileReference; lastKnownFileType = text.plist.xml; path = Info.plist; sourceTree = "<group>"; };
		78D6BACF1CD0EF1100D93F07 /* BookTests.m */ = {isa = PBXFileReference; lastKnownFileType = sourcecode.c.objc; path = BookTests.m; sourceTree = "<group>"; };
/* End PBXFileReference section */

/* Begin PBXFrameworksBuildPhase section */
		78D6BAAA1CD0EF1000D93F07 /* Frameworks */ = {
			isa = PBXFrameworksBuildPhase;
			buildActionMask = 2147483647;
			files = (
			);
			runOnlyForDeploymentPostprocessing = 0;
		};
		78D6BAC61CD0EF1100D93F07 /* Frameworks */ = {
			isa = PBXFrameworksBuildPhase;
			buildActionMask = 2147483647;
			files = (
			);
			runOnlyForDeploymentPostprocessing = 0;
		};
/* End PBXFrameworksBuildPhase section */

/* Begin PBXGroup section */
		7861D8E61CD0F9EF00ECA4C2 /* Sourse */ = {
			isa = PBXGroup;
			children = (
				7861D8E71CD0FA2800ECA4C2 /* photo.jpeg */,
			);
			name = Sourse;
			sourceTree = "<group>";
		};
		787154BD1CD106E400D92B34 /* SWRevealViewController */ = {
			isa = PBXGroup;
			children = (
				787154BA1CD106DB00D92B34 /* SWRevealViewController.h */,
				787154BB1CD106DB00D92B34 /* SWRevealViewController.m */,
			);
			name = SWRevealViewController;
			sourceTree = "<group>";
		};
		787154C41CD1076600D92B34 /* Menu */ = {
			isa = PBXGroup;
			children = (
				787154BE1CD1076200D92B34 /* LeftMenuTableViewCell.h */,
				787154BF1CD1076200D92B34 /* LeftMenuTableViewCell.m */,
				787154C01CD1076200D92B34 /* LeftMenuViewControllew.h */,
				787154C11CD1076200D92B34 /* LeftMenuViewControllew.m */,
			);
			name = Menu;
			sourceTree = "<group>";
		};
		787154C51CD1127100D92B34 /* New Group */ = {
			isa = PBXGroup;
			children = (
			);
			name = "New Group";
			sourceTree = "<group>";
		};
		78D6BAA41CD0EF1000D93F07 = {
			isa = PBXGroup;
			children = (
				78D6BAAF1CD0EF1000D93F07 /* Book */,
				78D6BACC1CD0EF1100D93F07 /* BookTests */,
				78D6BAAE1CD0EF1000D93F07 /* Products */,
			);
			sourceTree = "<group>";
		};
		78D6BAAE1CD0EF1000D93F07 /* Products */ = {
			isa = PBXGroup;
			children = (
				78D6BAAD1CD0EF1000D93F07 /* Book.app */,
				78D6BAC91CD0EF1100D93F07 /* BookTests.xctest */,
			);
			name = Products;
			sourceTree = "<group>";
		};
		78D6BAAF1CD0EF1000D93F07 /* Book */ = {
			isa = PBXGroup;
			children = (
				787154C61CD112A600D92B34 /* reveal-icon.png */,
				787154C81CD1183B00D92B34 /* AboutViewController.h */,
				787154C91CD1183B00D92B34 /* AboutViewController.m */,
				787154C51CD1127100D92B34 /* New Group */,
				787154C41CD1076600D92B34 /* Menu */,
				787154BD1CD106E400D92B34 /* SWRevealViewController */,
				7861D8E61CD0F9EF00ECA4C2 /* Sourse */,
				7861D8E31CD0F61D00ECA4C2 /* PeopleTableViewCell.h */,
				7861D8E41CD0F61D00ECA4C2 /* PeopleTableViewCell.m */,
				787154CB1CD1A77600D92B34 /* PeopleDetailViewController.h */,
				787154CC1CD1A77600D92B34 /* PeopleDetailViewController.m */,
				787154CE1CD1BF7B00D92B34 /* PeopleDetailViewControllerCell.h */,
				787154CF1CD1BF7B00D92B34 /* PeopleDetailViewControllerCell.m */,
				78D6BAB41CD0EF1000D93F07 /* AppDelegate.h */,
				78D6BAB51CD0EF1000D93F07 /* AppDelegate.m */,
				78D6BABA1CD0EF1000D93F07 /* PeopleViewController.h */,
				78D6BABB1CD0EF1000D93F07 /* PeopleViewController.m */,
				78D6BABD1CD0EF1000D93F07 /* Main.storyboard */,
				78D6BAC01CD0EF1000D93F07 /* Images.xcassets */,
				78D6BAC21CD0EF1000D93F07 /* LaunchScreen.xib */,
				78D6BAB71CD0EF1000D93F07 /* Book.xcdatamodeld */,
				78D6BAB01CD0EF1000D93F07 /* Supporting Files */,
			);
			path = Book;
			sourceTree = "<group>";
		};
		78D6BAB01CD0EF1000D93F07 /* Supporting Files */ = {
			isa = PBXGroup;
			children = (
				78D6BAB11CD0EF1000D93F07 /* Info.plist */,
				78D6BAB21CD0EF1000D93F07 /* main.m */,
			);
			name = "Supporting Files";
			sourceTree = "<group>";
		};
		78D6BACC1CD0EF1100D93F07 /* BookTests */ = {
			isa = PBXGroup;
			children = (
				78D6BACF1CD0EF1100D93F07 /* BookTests.m */,
				78D6BACD1CD0EF1100D93F07 /* Supporting Files */,
			);
			path = BookTests;
			sourceTree = "<group>";
		};
		78D6BACD1CD0EF1100D93F07 /* Supporting Files */ = {
			isa = PBXGroup;
			children = (
				78D6BACE1CD0EF1100D93F07 /* Info.plist */,
			);
			name = "Supporting Files";
			sourceTree = "<group>";
		};
/* End PBXGroup section */

/* Begin PBXNativeTarget section */
		78D6BAAC1CD0EF1000D93F07 /* Book */ = {
			isa = PBXNativeTarget;
			buildConfigurationList = 78D6BAD31CD0EF1100D93F07 /* Build configuration list for PBXNativeTarget "Book" */;
			buildPhases = (
				78D6BAA91CD0EF1000D93F07 /* Sources */,
				78D6BAAA1CD0EF1000D93F07 /* Frameworks */,
				78D6BAAB1CD0EF1000D93F07 /* Resources */,
			);
			buildRules = (
			);
			dependencies = (
			);
			name = Book;
			productName = Book;
			productReference = 78D6BAAD1CD0EF1000D93F07 /* Book.app */;
			productType = "com.apple.product-type.application";
		};
		78D6BAC81CD0EF1100D93F07 /* BookTests */ = {
			isa = PBXNativeTarget;
			buildConfigurationList = 78D6BAD61CD0EF1100D93F07 /* Build configuration list for PBXNativeTarget "BookTests" */;
			buildPhases = (
				78D6BAC51CD0EF1100D93F07 /* Sources */,
				78D6BAC61CD0EF1100D93F07 /* Frameworks */,
				78D6BAC71CD0EF1100D93F07 /* Resources */,
			);
			buildRules = (
			);
			dependencies = (
				78D6BACB1CD0EF1100D93F07 /* PBXTargetDependency */,
			);
			name = BookTests;
			productName = BookTests;
			productReference = 78D6BAC91CD0EF1100D93F07 /* BookTests.xctest */;
			productType = "com.apple.product-type.bundle.unit-test";
		};
/* End PBXNativeTarget section */

/* Begin PBXProject section */
		78D6BAA51CD0EF1000D93F07 /* Project object */ = {
			isa = PBXProject;
			attributes = {
				LastUpgradeCheck = 0630;
				ORGANIZATIONNAME = Igor;
				TargetAttributes = {
					78D6BAAC1CD0EF1000D93F07 = {
						CreatedOnToolsVersion = 6.3.2;
					};
					78D6BAC81CD0EF1100D93F07 = {
						CreatedOnToolsVersion = 6.3.2;
						TestTargetID = 78D6BAAC1CD0EF1000D93F07;
					};
				};
			};
			buildConfigurationList = 78D6BAA81CD0EF1000D93F07 /* Build configuration list for PBXProject "Book" */;
			compatibilityVersion = "Xcode 3.2";
			developmentRegion = English;
			hasScannedForEncodings = 0;
			knownRegions = (
				en,
				Base,
			);
			mainGroup = 78D6BAA41CD0EF1000D93F07;
			productRefGroup = 78D6BAAE1CD0EF1000D93F07 /* Products */;
			projectDirPath = "";
			projectRoot = "";
			targets = (
				78D6BAAC1CD0EF1000D93F07 /* Book */,
				78D6BAC81CD0EF1100D93F07 /* BookTests */,
			);
		};
/* End PBXProject section */

/* Begin PBXResourcesBuildPhase section */
		78D6BAAB1CD0EF1000D93F07 /* Resources */ = {
			isa = PBXResourcesBuildPhase;
			buildActionMask = 2147483647;
			files = (
				78D6BABF1CD0EF1000D93F07 /* Main.storyboard in Resources */,
				7861D8E81CD0FA2800ECA4C2 /* photo.jpeg in Resources */,
				78D6BAC41CD0EF1000D93F07 /* LaunchScreen.xib in Resources */,
				78D6BAC11CD0EF1000D93F07 /* Images.xcassets in Resources */,
				787154C71CD112A600D92B34 /* reveal-icon.png in Resources */,
			);
			runOnlyForDeploymentPostprocessing = 0;
		};
		78D6BAC71CD0EF1100D93F07 /* Resources */ = {
			isa = PBXResourcesBuildPhase;
			buildActionMask = 2147483647;
			files = (
			);
			runOnlyForDeploymentPostprocessing = 0;
		};
/* End PBXResourcesBuildPhase section */

/* Begin PBXSourcesBuildPhase section */
		78D6BAA91CD0EF1000D93F07 /* Sources */ = {
			isa = PBXSourcesBuildPhase;
			buildActionMask = 2147483647;
			files = (
				787154CA1CD1183B00D92B34 /* AboutViewController.m in Sources */,
				78D6BAB91CD0EF1000D93F07 /* Book.xcdatamodeld in Sources */,
				787154C21CD1076200D92B34 /* LeftMenuTableViewCell.m in Sources */,
				787154D01CD1BF7B00D92B34 /* PeopleDetailViewControllerCell.m in Sources */,
				78D6BAB61CD0EF1000D93F07 /* AppDelegate.m in Sources */,
				78D6BABC1CD0EF1000D93F07 /* PeopleViewController.m in Sources */,
				7861D8E51CD0F61D00ECA4C2 /* PeopleTableViewCell.m in Sources */,
				78D6BAB31CD0EF1000D93F07 /* main.m in Sources */,
				787154BC1CD106DB00D92B34 /* SWRevealViewController.m in Sources */,
				787154CD1CD1A77600D92B34 /* PeopleDetailViewController.m in Sources */,
				787154C31CD1076200D92B34 /* LeftMenuViewControllew.m in Sources */,
			);
			runOnlyForDeploymentPostprocessing = 0;
		};
		78D6BAC51CD0EF1100D93F07 /* Sources */ = {
			isa = PBXSourcesBuildPhase;
			buildActionMask = 2147483647;
			files = (
				78D6BAD01CD0EF1100D93F07 /* BookTests.m in Sources */,
			);
			runOnlyForDeploymentPostprocessing = 0;
		};
/* End PBXSourcesBuildPhase section */

/* Begin PBXTargetDependency section */
		78D6BACB1CD0EF1100D93F07 /* PBXTargetDependency */ = {
			isa = PBXTargetDependency;
			target = 78D6BAAC1CD0EF1000D93F07 /* Book */;
			targetProxy = 78D6BACA1CD0EF1100D93F07 /* PBXContainerItemProxy */;
		};
/* End PBXTargetDependency section */

/* Begin PBXVariantGroup section */
		78D6BABD1CD0EF1000D93F07 /* Main.storyboard */ = {
			isa = PBXVariantGroup;
			children = (
				78D6BABE1CD0EF1000D93F07 /* Base */,
			);
			name = Main.storyboard;
			sourceTree = "<group>";
		};
		78D6BAC21CD0EF1000D93F07 /* LaunchScreen.xib */ = {
			isa = PBXVariantGroup;
			children = (
				78D6BAC31CD0EF1000D93F07 /* Base */,
			);
			name = LaunchScreen.xib;
			sourceTree = "<group>";
		};
/* End PBXVariantGroup section */

/* Begin XCBuildConfiguration section */
		78D6BAD11CD0EF1100D93F07 /* Debug */ = {
			isa = XCBuildConfiguration;
			buildSettings = {
				ALWAYS_SEARCH_USER_PATHS = NO;
				CLANG_CXX_LANGUAGE_STANDARD = "gnu++0x";
				CLANG_CXX_LIBRARY = "libc++";
				CLANG_ENABLE_MODULES = YES;
				CLANG_ENABLE_OBJC_ARC = YES;
				CLANG_WARN_BOOL_CONVERSION = YES;
				CLANG_WARN_CONSTANT_CONVERSION = YES;
				CLANG_WARN_DIRECT_OBJC_ISA_USAGE = YES_ERROR;
				CLANG_WARN_EMPTY_BODY = YES;
				CLANG_WARN_ENUM_CONVERSION = YES;
				CLANG_WARN_INT_CONVERSION = YES;
				CLANG_WARN_OBJC_ROOT_CLASS = YES_ERROR;
				CLANG_WARN_UNREACHABLE_CODE = YES;
				CLANG_WARN__DUPLICATE_METHOD_MATCH = YES;
				"CODE_SIGN_IDENTITY[sdk=iphoneos*]" = "iPhone Developer";
				COPY_PHASE_STRIP = NO;
				DEBUG_INFORMATION_FORMAT = "dwarf-with-dsym";
				ENABLE_STRICT_OBJC_MSGSEND = YES;
				GCC_C_LANGUAGE_STANDARD = gnu99;
				GCC_DYNAMIC_NO_PIC = NO;
				GCC_NO_COMMON_BLOCKS = YES;
				GCC_OPTIMIZATION_LEVEL = 0;
				GCC_PREPROCESSOR_DEFINITIONS = (
					"DEBUG=1",
					"$(inherited)",
				);
				GCC_SYMBOLS_PRIVATE_EXTERN = NO;
				GCC_WARN_64_TO_32_BIT_CONVERSION = YES;
				GCC_WARN_ABOUT_RETURN_TYPE = YES_ERROR;
				GCC_WARN_UNDECLARED_SELECTOR = YES;
				GCC_WARN_UNINITIALIZED_AUTOS = YES_AGGRESSIVE;
				GCC_WARN_UNUSED_FUNCTION = YES;
				GCC_WARN_UNUSED_VARIABLE = YES;
				IPHONEOS_DEPLOYMENT_TARGET = 8.3;
				MTL_ENABLE_DEBUG_INFO = YES;
				ONLY_ACTIVE_ARCH = YES;
				SDKROOT = iphoneos;
			};
			name = Debug;
		};
		78D6BAD21CD0EF1100D93F07 /* Release */ = {
			isa = XCBuildConfiguration;
			buildSettings = {
				ALWAYS_SEARCH_USER_PATHS = NO;
				CLANG_CXX_LANGUAGE_STANDARD = "gnu++0x";
				CLANG_CXX_LIBRARY = "libc++";
				CLANG_ENABLE_MODULES = YES;
				CLANG_ENABLE_OBJC_ARC = YES;
				CLANG_WARN_BOOL_CONVERSION = YES;
				CLANG_WARN_CONSTANT_CONVERSION = YES;
				CLANG_WARN_DIRECT_OBJC_ISA_USAGE = YES_ERROR;
				CLANG_WARN_EMPTY_BODY = YES;
				CLANG_WARN_ENUM_CONVERSION = YES;
				CLANG_WARN_INT_CONVERSION = YES;
				CLANG_WARN_OBJC_ROOT_CLASS = YES_ERROR;
				CLANG_WARN_UNREACHABLE_CODE = YES;
				CLANG_WARN__DUPLICATE_METHOD_MATCH = YES;
				"CODE_SIGN_IDENTITY[sdk=iphoneos*]" = "iPhone Developer";
				COPY_PHASE_STRIP = NO;
				DEBUG_INFORMATION_FORMAT = "dwarf-with-dsym";
				ENABLE_NS_ASSERTIONS = NO;
				ENABLE_STRICT_OBJC_MSGSEND = YES;
				GCC_C_LANGUAGE_STANDARD = gnu99;
				GCC_NO_COMMON_BLOCKS = YES;
				GCC_WARN_64_TO_32_BIT_CONVERSION = YES;
				GCC_WARN_ABOUT_RETURN_TYPE = YES_ERROR;
				GCC_WARN_UNDECLARED_SELECTOR = YES;
				GCC_WARN_UNINITIALIZED_AUTOS = YES_AGGRESSIVE;
				GCC_WARN_UNUSED_FUNCTION = YES;
				GCC_WARN_UNUSED_VARIABLE = YES;
				IPHONEOS_DEPLOYMENT_TARGET = 8.3;
				MTL_ENABLE_DEBUG_INFO = NO;
				SDKROOT = iphoneos;
				VALIDATE_PRODUCT = YES;
			};
			name = Release;
		};
		78D6BAD41CD0EF1100D93F07 /* Debug */ = {
			isa = XCBuildConfiguration;
			buildSettings = {
				ASSETCATALOG_COMPILER_APPICON_NAME = AppIcon;
				INFOPLIST_FILE = Book/Info.plist;
				LD_RUNPATH_SEARCH_PATHS = "$(inherited) @executable_path/Frameworks";
				PRODUCT_NAME = "$(TARGET_NAME)";
			};
			name = Debug;
		};
		78D6BAD51CD0EF1100D93F07 /* Release */ = {
			isa = XCBuildConfiguration;
			buildSettings = {
				ASSETCATALOG_COMPILER_APPICON_NAME = AppIcon;
				INFOPLIST_FILE = Book/Info.plist;
				LD_RUNPATH_SEARCH_PATHS = "$(inherited) @executable_path/Frameworks";
				PRODUCT_NAME = "$(TARGET_NAME)";
			};
			name = Release;
		};
		78D6BAD71CD0EF1100D93F07 /* Debug */ = {
			isa = XCBuildConfiguration;
			buildSettings = {
				BUNDLE_LOADER = "$(TEST_HOST)";
				FRAMEWORK_SEARCH_PATHS = (
					"$(SDKROOT)/Developer/Library/Frameworks",
					"$(inherited)",
				);
				GCC_PREPROCESSOR_DEFINITIONS = (
					"DEBUG=1",
					"$(inherited)",
				);
				INFOPLIST_FILE = BookTests/Info.plist;
				LD_RUNPATH_SEARCH_PATHS = "$(inherited) @executable_path/Frameworks @loader_path/Frameworks";
				PRODUCT_NAME = "$(TARGET_NAME)";
				TEST_HOST = "$(BUILT_PRODUCTS_DIR)/Book.app/Book";
			};
			name = Debug;
		};
		78D6BAD81CD0EF1100D93F07 /* Release */ = {
			isa = XCBuildConfiguration;
			buildSettings = {
				BUNDLE_LOADER = "$(TEST_HOST)";
				FRAMEWORK_SEARCH_PATHS = (
					"$(SDKROOT)/Developer/Library/Frameworks",
					"$(inherited)",
				);
				INFOPLIST_FILE = BookTests/Info.plist;
				LD_RUNPATH_SEARCH_PATHS = "$(inherited) @executable_path/Frameworks @loader_path/Frameworks";
				PRODUCT_NAME = "$(TARGET_NAME)";
				TEST_HOST = "$(BUILT_PRODUCTS_DIR)/Book.app/Book";
			};
			name = Release;
		};
/* End XCBuildConfiguration section */

/* Begin XCConfigurationList section */
		78D6BAA81CD0EF1000D93F07 /* Build configuration list for PBXProject "Book" */ = {
			isa = XCConfigurationList;
			buildConfigurations = (
				78D6BAD11CD0EF1100D93F07 /* Debug */,
				78D6BAD21CD0EF1100D93F07 /* Release */,
			);
			defaultConfigurationIsVisible = 0;
			defaultConfigurationName = Release;
		};
		78D6BAD31CD0EF1100D93F07 /* Build configuration list for PBXNativeTarget "Book" */ = {
			isa = XCConfigurationList;
			buildConfigurations = (
				78D6BAD41CD0EF1100D93F07 /* Debug */,
				78D6BAD51CD0EF1100D93F07 /* Release */,
			);
			defaultConfigurationIsVisible = 0;
			defaultConfigurationName = Release;
		};
		78D6BAD61CD0EF1100D93F07 /* Build configuration list for PBXNativeTarget "BookTests" */ = {
			isa = XCConfigurationList;
			buildConfigurations = (
				78D6BAD71CD0EF1100D93F07 /* Debug */,
				78D6BAD81CD0EF1100D93F07 /* Release */,
			);
			defaultConfigurationIsVisible = 0;
			defaultConfigurationName = Release;
		};
/* End XCConfigurationList section */

/* Begin XCVersionGroup section */
		78D6BAB71CD0EF1000D93F07 /* Book.xcdatamodeld */ = {
			isa = XCVersionGroup;
			children = (
				78D6BAB81CD0EF1000D93F07 /* Book.xcdatamodel */,
			);
			currentVersion = 78D6BAB81CD0EF1000D93F07 /* Book.xcdatamodel */;
			path = Book.xcdatamodeld;
			sourceTree = "<group>";
			versionGroupType = wrapper.xcdatamodel;
		};
/* End XCVersionGroup section */
	};
	rootObject = 78D6BAA51CD0EF1000D93F07 /* Project object */;
}
